{
  "name": "program",
  "version": "1.0.0",
  "lockfileVersion": 2,
  "requires": true,
  "packages": {
    "": {
      "name": "program",
      "version": "1.0.0",
      "dependencies": {
        "@abraham/reflection": "^0.10.0",
        "library": "file:../library",
        "tsyringe": "^4.7.0"
      },
      "devDependencies": {
        "typescript": "^4.7.4"
      }
    },
    "../library": {
      "dependencies": {
        "tsyringe": "^4.7.0"
      },
      "devDependencies": {
        "typescript": "^4.7.3"
      }
    },
    "node_modules/@abraham/reflection": {
      "version": "0.10.0",
      "resolved": "https://registry.npmjs.org/@abraham/reflection/-/reflection-0.10.0.tgz",
      "integrity": "sha512-ltEjxbZn3B5CzPhUND30YJiondgOTH3m52edgshMxcuHTEjO2lRyL+EoO7H11yYzt1FIS5CfnMcACSP52WKrLA=="
    },
    "node_modules/library": {
      "resolved": "../library",
      "link": true
    },
    "node_modules/tslib": {
      "version": "1.14.1",
      "resolved": "https://registry.npmjs.org/tslib/-/tslib-1.14.1.tgz",
      "integrity": "sha512-Xni35NKzjgMrwevysHTCArtLDpPvye8zV/0E4EyYn43P7/7qvQwPh9BGkHewbMulVntbigmcT7rdX3BNo9wRJg=="
    },
    "node_modules/tsyringe": {
      "version": "4.7.0",
      "resolved": "https://registry.npmjs.org/tsyringe/-/tsyringe-4.7.0.tgz",
      "integrity": "sha512-ncFDM1jTLsok4ejMvSW5jN1VGPQD48y2tfAR0pdptWRKYX4bkbqPt92k7KJ5RFJ1KV36JEs/+TMh7I6OUgj74g==",
      "dependencies": {
        "tslib": "^1.9.3"
      },
      "engines": {
        "node": ">= 6.0.0"
      }
    },
    "node_modules/typescript": {
      "version": "4.7.4",
      "resolved": "https://registry.npmjs.org/typescript/-/typescript-4.7.4.tgz",
      "integrity": "sha512-C0WQT0gezHuw6AdY1M2jxUO83Rjf0HP7Sk1DtXj6j1EwkQNZrHAg2XPWlq62oqEhYvONq5pkC2Y9oPljWToLmQ==",
      "dev": true,
      "bin": {
        "tsc": "bin/tsc",
        "tsserver": "bin/tsserver"
      },
      "engines": {
        "node": ">=4.2.0"
      }
    }
  },
  "dependencies": {
    "@abraham/reflection": {
      "version": "0.10.0",
      "resolved": "https://registry.npmjs.org/@abraham/reflection/-/reflection-0.10.0.tgz",
      "integrity": "sha512-ltEjxbZn3B5CzPhUND30YJiondgOTH3m52edgshMxcuHTEjO2lRyL+EoO7H11yYzt1FIS5CfnMcACSP52WKrLA=="
    },
    "library": {
      "version": "file:../library",
      "requires": {
        "tsyringe": "^4.7.0",
        "typescript": "^4.7.3"
      }
    },
    "tslib": {
      "version": "1.14.1",
      "resolved": "https://registry.npmjs.org/tslib/-/tslib-1.14.1.tgz",
      "integrity": "sha512-Xni35NKzjgMrwevysHTCArtLDpPvye8zV/0E4EyYn43P7/7qvQwPh9BGkHewbMulVntbigmcT7rdX3BNo9wRJg=="
    },
    "tsyringe": {
      "version": "4.7.0",
      "resolved": "https://registry.npmjs.org/tsyringe/-/tsyringe-4.7.0.tgz",
      "integrity": "sha512-ncFDM1jTLsok4ejMvSW5jN1VGPQD48y2tfAR0pdptWRKYX4bkbqPt92k7KJ5RFJ1KV36JEs/+TMh7I6OUgj74g==",
      "requires": {
        "tslib": "^1.9.3"
      }
    },
    "typescript": {
      "version": "4.7.4",
      "resolved": "https://registry.npmjs.org/typescript/-/typescript-4.7.4.tgz",
      "integrity": "sha512-C0WQT0gezHuw6AdY1M2jxUO83Rjf0HP7Sk1DtXj6j1EwkQNZrHAg2XPWlq62oqEhYvONq5pkC2Y9oPljWToLmQ==",
      "dev": true
    }
  }
}
